{
  "name": "typescript-react-test",
  "version": "1.0.0",
  "lockfileVersion": 2,
  "requires": true,
  "packages": {
    "": {
      "name": "typescript-react-test",
      "version": "1.0.0",
      "license": "MIT",
      "devDependencies": {
        "@types/react": "^17.0.38",
        "@types/react-dom": "^17.0.11",
        "react": "^17.0.2",
        "react-dom": "^17.0.2",
        "typescript": "^4.0.2"
      },
      "peerDependencies": {
        "react": "^17.0.0",
        "react-dom": "^17.0.0"
      }
    },
    "node_modules/@types/prop-types": {
      "version": "15.7.3",
      "dev": true,
      "license": "MIT"
    },
    "node_modules/@types/react": {
      "version": "17.0.38",
      "dev": true,
      "license": "MIT",
      "dependencies": {
        "@types/prop-types": "*",
        "@types/scheduler": "*",
        "csstype": "^3.0.2"
      }
    },
    "node_modules/@types/react-dom": {
      "version": "17.0.11",
      "dev": true,
      "license": "MIT",
      "dependencies": {
        "@types/react": "*"
      }
    },
    "node_modules/@types/react-dom/node_modules/@types/react": {
      "version": "16.9.49",
      "dev": true,
      "license": "MIT",
      "dependencies": {
        "@types/prop-types": "*",
        "csstype": "^3.0.2"
      }
    },
    "node_modules/@types/scheduler": {
      "version": "0.16.2",
      "dev": true,
      "license": "MIT"
    },
    "node_modules/csstype": {
      "version": "3.0.3",
      "dev": true,
      "license": "MIT"
    },
    "node_modules/js-tokens": {
      "version": "4.0.0",
      "dev": true,
      "license": "MIT"
    },
    "node_modules/loose-envify": {
      "version": "1.4.0",
      "dev": true,
      "license": "MIT",
      "dependencies": {
        "js-tokens": "^3.0.0 || ^4.0.0"
      },
      "bin": {
        "loose-envify": "cli.js"
      }
    },
    "node_modules/object-assign": {
      "version": "4.1.1",
      "dev": true,
      "license": "MIT",
      "engines": {
        "node": ">=0.10.0"
      }
    },
    "node_modules/react": {
      "version": "17.0.2",
      "dev": true,
      "license": "MIT",
      "dependencies": {
        "loose-envify": "^1.1.0",
        "object-assign": "^4.1.1"
      },
      "engines": {
        "node": ">=0.10.0"
      }
    },
    "node_modules/react-dom": {
      "version": "17.0.2",
      "dev": true,
      "license": "MIT",
      "dependencies": {
        "loose-envify": "^1.1.0",
        "object-assign": "^4.1.1",
        "scheduler": "^0.20.2"
      },
      "peerDependencies": {
        "react": "17.0.2"
      }
    },
    "node_modules/scheduler": {
      "version": "0.20.2",
      "dev": true,
      "license": "MIT",
      "dependencies": {
        "loose-envify": "^1.1.0",
        "object-assign": "^4.1.1"
      }
    },
    "node_modules/typescript": {
      "version": "4.0.2",
      "dev": true,
      "license": "Apache-2.0",
      "bin": {
        "tsc": "bin/tsc",
        "tsserver": "bin/tsserver"
      },
      "engines": {
        "node": ">=4.2.0"
      }
    }
  },
  "dependencies": {
    "@types/prop-types": {
      "version": "15.7.3",
      "dev": true
    },
    "@types/react": {
      "version": "17.0.38",
      "dev": true,
      "requires": {
        "@types/prop-types": "*",
        "@types/scheduler": "*",
        "csstype": "^3.0.2"
      }
    },
    "@types/react-dom": {
      "version": "17.0.11",
      "dev": true,
      "requires": {
        "@types/react": "*"
      },
      "dependencies": {
        "@types/react": {
          "version": "16.9.49",
          "dev": true,
          "requires": {
            "@types/prop-types": "*",
            "csstype": "^3.0.2"
          }
        }
      }
    },
    "@types/scheduler": {
      "version": "0.16.2",
      "dev": true
    },
    "csstype": {
      "version": "3.0.3",
      "dev": true
    },
    "js-tokens": {
      "version": "4.0.0",
      "dev": true
    },
    "loose-envify": {
      "version": "1.4.0",
      "dev": true,
      "requires": {
        "js-tokens": "^3.0.0 || ^4.0.0"
      }
    },
    "object-assign": {
      "version": "4.1.1",
      "dev": true
    },
    "react": {
      "version": "17.0.2",
      "dev": true,
      "requires": {
        "loose-envify": "^1.1.0",
        "object-assign": "^4.1.1"
      }
    },
    "react-dom": {
      "version": "17.0.2",
      "dev": true,
      "requires": {
        "loose-envify": "^1.1.0",
        "object-assign": "^4.1.1",
        "scheduler": "^0.20.2"
      }
    },
    "scheduler": {
      "version": "0.20.2",
      "dev": true,
      "requires": {
        "loose-envify": "^1.1.0",
        "object-assign": "^4.1.1"
      }
    },
    "typescript": {
      "version": "4.0.2",
      "dev": true
    }
  }
}
